// !$*UTF8*$!
{
	archiveVersion = 1;
	classes = {
	};
	objectVersion = 56;
	objects = {

/* Begin PBXBuildFile section */
		D23F6CC82B7F81AC0065D15E /* GlanceApp.swift in Sources */ = {isa = PBXBuildFile; fileRef = D23F6CC72B7F81AC0065D15E /* GlanceApp.swift */; };
		D23F6CCA2B7F81AC0065D15E /* ContentView.swift in Sources */ = {isa = PBXBuildFile; fileRef = D23F6CC92B7F81AC0065D15E /* ContentView.swift */; };
		D23F6CCC2B7F81AD0065D15E /* Assets.xcassets in Resources */ = {isa = PBXBuildFile; fileRef = D23F6CCB2B7F81AD0065D15E /* Assets.xcassets */; };
		D23F6CCF2B7F81AD0065D15E /* Preview Assets.xcassets in Resources */ = {isa = PBXBuildFile; fileRef = D23F6CCE2B7F81AD0065D15E /* Preview Assets.xcassets */; };
		D23F6CD92B7F81AD0065D15E /* GlanceTests.swift in Sources */ = {isa = PBXBuildFile; fileRef = D23F6CD82B7F81AD0065D15E /* GlanceTests.swift */; };
		D23F6CE32B7F81AD0065D15E /* GlanceUITests.swift in Sources */ = {isa = PBXBuildFile; fileRef = D23F6CE22B7F81AD0065D15E /* GlanceUITests.swift */; };
		D23F6CE52B7F81AD0065D15E /* GlanceUITestsLaunchTests.swift in Sources */ = {isa = PBXBuildFile; fileRef = D23F6CE42B7F81AD0065D15E /* GlanceUITestsLaunchTests.swift */; };
/* End PBXBuildFile section */

/* Begin PBXContainerItemProxy section */
		D23F6CD52B7F81AD0065D15E /* PBXContainerItemProxy */ = {
			isa = PBXContainerItemProxy;
			containerPortal = D23F6CBC2B7F81AC0065D15E /* Project object */;
			proxyType = 1;
			remoteGlobalIDString = D23F6CC32B7F81AC0065D15E;
			remoteInfo = Glance;
		};
		D23F6CDF2B7F81AD0065D15E /* PBXContainerItemProxy */ = {
			isa = PBXContainerItemProxy;
			containerPortal = D23F6CBC2B7F81AC0065D15E /* Project object */;
			proxyType = 1;
			remoteGlobalIDString = D23F6CC32B7F81AC0065D15E;
			remoteInfo = Glance;
		};
/* End PBXContainerItemProxy section */

/* Begin PBXFileReference section */
		D23F6CC42B7F81AC0065D15E /* Glance.app */ = {isa = PBXFileReference; explicitFileType = wrapper.application; includeInIndex = 0; path = Glance.app; sourceTree = BUILT_PRODUCTS_DIR; };
		D23F6CC72B7F81AC0065D15E /* GlanceApp.swift */ = {isa = PBXFileReference; lastKnownFileType = sourcecode.swift; path = GlanceApp.swift; sourceTree = "<group>"; };
		D23F6CC92B7F81AC0065D15E /* ContentView.swift */ = {isa = PBXFileReference; lastKnownFileType = sourcecode.swift; path = ContentView.swift; sourceTree = "<group>"; };
		D23F6CCB2B7F81AD0065D15E /* Assets.xcassets */ = {isa = PBXFileReference; lastKnownFileType = folder.assetcatalog; path = Assets.xcassets; sourceTree = "<group>"; };
		D23F6CCE2B7F81AD0065D15E /* Preview Assets.xcassets */ = {isa = PBXFileReference; lastKnownFileType = folder.assetcatalog; path = "Preview Assets.xcassets"; sourceTree = "<group>"; };
		D23F6CD42B7F81AD0065D15E /* GlanceTests.xctest */ = {isa = PBXFileReference; explicitFileType = wrapper.cfbundle; includeInIndex = 0; path = GlanceTests.xctest; sourceTree = BUILT_PRODUCTS_DIR; };
		D23F6CD82B7F81AD0065D15E /* GlanceTests.swift */ = {isa = PBXFileReference; lastKnownFileType = sourcecode.swift; path = GlanceTests.swift; sourceTree = "<group>"; };
		D23F6CDE2B7F81AD0065D15E /* GlanceUITests.xctest */ = {isa = PBXFileReference; explicitFileType = wrapper.cfbundle; includeInIndex = 0; path = GlanceUITests.xctest; sourceTree = BUILT_PRODUCTS_DIR; };
		D23F6CE22B7F81AD0065D15E /* GlanceUITests.swift */ = {isa = PBXFileReference; lastKnownFileType = sourcecode.swift; path = GlanceUITests.swift; sourceTree = "<group>"; };
		D23F6CE42B7F81AD0065D15E /* GlanceUITestsLaunchTests.swift */ = {isa = PBXFileReference; lastKnownFileType = sourcecode.swift; path = GlanceUITestsLaunchTests.swift; sourceTree = "<group>"; };
/* End PBXFileReference section */

/* Begin PBXFrameworksBuildPhase section */
		D23F6CC12B7F81AC0065D15E /* Frameworks */ = {
			isa = PBXFrameworksBuildPhase;
			buildActionMask = 2147483647;
			files = (
			);
			runOnlyForDeploymentPostprocessing = 0;
		};
		D23F6CD12B7F81AD0065D15E /* Frameworks */ = {
			isa = PBXFrameworksBuildPhase;
			buildActionMask = 2147483647;
			files = (
			);
			runOnlyForDeploymentPostprocessing = 0;
		};
		D23F6CDB2B7F81AD0065D15E /* Frameworks */ = {
			isa = PBXFrameworksBuildPhase;
			buildActionMask = 2147483647;
			files = (
			);
			runOnlyForDeploymentPostprocessing = 0;
		};
/* End PBXFrameworksBuildPhase section */

/* Begin PBXGroup section */
		D23F6CBB2B7F81AC0065D15E = {
			isa = PBXGroup;
			children = (
				D23F6CC62B7F81AC0065D15E /* Glance */,
				D23F6CD72B7F81AD0065D15E /* GlanceTests */,
				D23F6CE12B7F81AD0065D15E /* GlanceUITests */,
				D23F6CC52B7F81AC0065D15E /* Products */,
			);
			sourceTree = "<group>";
		};
		D23F6CC52B7F81AC0065D15E /* Products */ = {
			isa = PBXGroup;
			children = (
				D23F6CC42B7F81AC0065D15E /* Glance.app */,
				D23F6CD42B7F81AD0065D15E /* GlanceTests.xctest */,
				D23F6CDE2B7F81AD0065D15E /* GlanceUITests.xctest */,
			);
			name = Products;
			sourceTree = "<group>";
		};
		D23F6CC62B7F81AC0065D15E /* Glance */ = {
			isa = PBXGroup;
			children = (
				D23F6CC72B7F81AC0065D15E /* GlanceApp.swift */,
				D23F6CC92B7F81AC0065D15E /* ContentView.swift */,
				D23F6CCB2B7F81AD0065D15E /* Assets.xcassets */,
				D23F6CCD2B7F81AD0065D15E /* Preview Content */,
			);
			path = Glance;
			sourceTree = "<group>";
		};
		D23F6CCD2B7F81AD0065D15E /* Preview Content */ = {
			isa = PBXGroup;
			children = (
				D23F6CCE2B7F81AD0065D15E /* Preview Assets.xcassets */,
			);
			path = "Preview Content";
			sourceTree = "<group>";
		};
		D23F6CD72B7F81AD0065D15E /* GlanceTests */ = {
			isa = PBXGroup;
			children = (
				D23F6CD82B7F81AD0065D15E /* GlanceTests.swift */,
			);
			path = GlanceTests;
			sourceTree = "<group>";
		};
		D23F6CE12B7F81AD0065D15E /* GlanceUITests */ = {
			isa = PBXGroup;
			children = (
				D23F6CE22B7F81AD0065D15E /* GlanceUITests.swift */,
				D23F6CE42B7F81AD0065D15E /* GlanceUITestsLaunchTests.swift */,
			);
			path = GlanceUITests;
			sourceTree = "<group>";
		};
/* End PBXGroup section */

/* Begin PBXNativeTarget section */
		D23F6CC32B7F81AC0065D15E /* Glance */ = {
			isa = PBXNativeTarget;
			buildConfigurationList = D23F6CE82B7F81AD0065D15E /* Build configuration list for PBXNativeTarget "Glance" */;
			buildPhases = (
				D23F6CC02B7F81AC0065D15E /* Sources */,
				D23F6CC12B7F81AC0065D15E /* Frameworks */,
				D23F6CC22B7F81AC0065D15E /* Resources */,
			);
			buildRules = (
			);
			dependencies = (
			);
			name = Glance;
			productName = Glance;
			productReference = D23F6CC42B7F81AC0065D15E /* Glance.app */;
			productType = "com.apple.product-type.application";
		};
		D23F6CD32B7F81AD0065D15E /* GlanceTests */ = {
			isa = PBXNativeTarget;
			buildConfigurationList = D23F6CEB2B7F81AD0065D15E /* Build configuration list for PBXNativeTarget "GlanceTests" */;
			buildPhases = (
				D23F6CD02B7F81AD0065D15E /* Sources */,
				D23F6CD12B7F81AD0065D15E /* Frameworks */,
				D23F6CD22B7F81AD0065D15E /* Resources */,
			);
			buildRules = (
			);
			dependencies = (
				D23F6CD62B7F81AD0065D15E /* PBXTargetDependency */,
			);
			name = GlanceTests;
			productName = GlanceTests;
			productReference = D23F6CD42B7F81AD0065D15E /* GlanceTests.xctest */;
			productType = "com.apple.product-type.bundle.unit-test";
		};
		D23F6CDD2B7F81AD0065D15E /* GlanceUITests */ = {
			isa = PBXNativeTarget;
			buildConfigurationList = D23F6CEE2B7F81AD0065D15E /* Build configuration list for PBXNativeTarget "GlanceUITests" */;
			buildPhases = (
				D23F6CDA2B7F81AD0065D15E /* Sources */,
				D23F6CDB2B7F81AD0065D15E /* Frameworks */,
				D23F6CDC2B7F81AD0065D15E /* Resources */,
			);
			buildRules = (
			);
			dependencies = (
				D23F6CE02B7F81AD0065D15E /* PBXTargetDependency */,
			);
			name = GlanceUITests;
			productName = GlanceUITests;
			productReference = D23F6CDE2B7F81AD0065D15E /* GlanceUITests.xctest */;
			productType = "com.apple.product-type.bundle.ui-testing";
		};
/* End PBXNativeTarget section */

/* Begin PBXProject section */
		D23F6CBC2B7F81AC0065D15E /* Project object */ = {
			isa = PBXProject;
			attributes = {
				BuildIndependentTargetsInParallel = 1;
				LastSwiftUpdateCheck = 1510;
				LastUpgradeCheck = 1510;
				TargetAttributes = {
					D23F6CC32B7F81AC0065D15E = {
						CreatedOnToolsVersion = 15.1;
					};
					D23F6CD32B7F81AD0065D15E = {
						CreatedOnToolsVersion = 15.1;
						TestTargetID = D23F6CC32B7F81AC0065D15E;
					};
					D23F6CDD2B7F81AD0065D15E = {
						CreatedOnToolsVersion = 15.1;
						TestTargetID = D23F6CC32B7F81AC0065D15E;
					};
				};
			};
			buildConfigurationList = D23F6CBF2B7F81AC0065D15E /* Build configuration list for PBXProject "Glance" */;
			compatibilityVersion = "Xcode 14.0";
			developmentRegion = en;
			hasScannedForEncodings = 0;
			knownRegions = (
				en,
				Base,
			);
			mainGroup = D23F6CBB2B7F81AC0065D15E;
			productRefGroup = D23F6CC52B7F81AC0065D15E /* Products */;
			projectDirPath = "";
			projectRoot = "";
			targets = (
				D23F6CC32B7F81AC0065D15E /* Glance */,
				D23F6CD32B7F81AD0065D15E /* GlanceTests */,
				D23F6CDD2B7F81AD0065D15E /* GlanceUITests */,
			);
		};
/* End PBXProject section */

/* Begin PBXResourcesBuildPhase section */
		D23F6CC22B7F81AC0065D15E /* Resources */ = {
			isa = PBXResourcesBuildPhase;
			buildActionMask = 2147483647;
			files = (
				D23F6CCF2B7F81AD0065D15E /* Preview Assets.xcassets in Resources */,
				D23F6CCC2B7F81AD0065D15E /* Assets.xcassets in Resources */,
			);
			runOnlyForDeploymentPostprocessing = 0;
		};
		D23F6CD22B7F81AD0065D15E /* Resources */ = {
			isa = PBXResourcesBuildPhase;
			buildActionMask = 2147483647;
			files = (
			);
			runOnlyForDeploymentPostprocessing = 0;
		};
		D23F6CDC2B7F81AD0065D15E /* Resources */ = {
			isa = PBXResourcesBuildPhase;
			buildActionMask = 2147483647;
			files = (
			);
			runOnlyForDeploymentPostprocessing = 0;
		};
/* End PBXResourcesBuildPhase section */

/* Begin PBXSourcesBuildPhase section */
		D23F6CC02B7F81AC0065D15E /* Sources */ = {
			isa = PBXSourcesBuildPhase;
			buildActionMask = 2147483647;
			files = (
				D23F6CCA2B7F81AC0065D15E /* ContentView.swift in Sources */,
				D23F6CC82B7F81AC0065D15E /* GlanceApp.swift in Sources */,
			);
			runOnlyForDeploymentPostprocessing = 0;
		};
		D23F6CD02B7F81AD0065D15E /* Sources */ = {
			isa = PBXSourcesBuildPhase;
			buildActionMask = 2147483647;
			files = (
				D23F6CD92B7F81AD0065D15E /* GlanceTests.swift in Sources */,
			);
			runOnlyForDeploymentPostprocessing = 0;
		};
		D23F6CDA2B7F81AD0065D15E /* Sources */ = {
			isa = PBXSourcesBuildPhase;
			buildActionMask = 2147483647;
			files = (
				D23F6CE52B7F81AD0065D15E /* GlanceUITestsLaunchTests.swift in Sources */,
				D23F6CE32B7F81AD0065D15E /* GlanceUITests.swift in Sources */,
			);
			runOnlyForDeploymentPostprocessing = 0;
		};
/* End PBXSourcesBuildPhase section */

/* Begin PBXTargetDependency section */
		D23F6CD62B7F81AD0065D15E /* PBXTargetDependency */ = {
			isa = PBXTargetDependency;
			target = D23F6CC32B7F81AC0065D15E /* Glance */;
			targetProxy = D23F6CD52B7F81AD0065D15E /* PBXContainerItemProxy */;
		};
		D23F6CE02B7F81AD0065D15E /* PBXTargetDependency */ = {
			isa = PBXTargetDependency;
			target = D23F6CC32B7F81AC0065D15E /* Glance */;
			targetProxy = D23F6CDF2B7F81AD0065D15E /* PBXContainerItemProxy */;
		};
/* End PBXTargetDependency section */

/* Begin XCBuildConfiguration section */
		D23F6CE62B7F81AD0065D15E /* Debug */ = {
			isa = XCBuildConfiguration;
			buildSettings = {
				ALWAYS_SEARCH_USER_PATHS = NO;
				ASSETCATALOG_COMPILER_GENERATE_SWIFT_ASSET_SYMBOL_EXTENSIONS = YES;
				CLANG_ANALYZER_NONNULL = YES;
				CLANG_ANALYZER_NUMBER_OBJECT_CONVERSION = YES_AGGRESSIVE;
				CLANG_CXX_LANGUAGE_STANDARD = "gnu++20";
				CLANG_ENABLE_MODULES = YES;
				CLANG_ENABLE_OBJC_ARC = YES;
				CLANG_ENABLE_OBJC_WEAK = YES;
				CLANG_WARN_BLOCK_CAPTURE_AUTORELEASING = YES;
				CLANG_WARN_BOOL_CONVERSION = YES;
				CLANG_WARN_COMMA = YES;
				CLANG_WARN_CONSTANT_CONVERSION = YES;
				CLANG_WARN_DEPRECATED_OBJC_IMPLEMENTATIONS = YES;
				CLANG_WARN_DIRECT_OBJC_ISA_USAGE = YES_ERROR;
				CLANG_WARN_DOCUMENTATION_COMMENTS = YES;
				CLANG_WARN_EMPTY_BODY = YES;
				CLANG_WARN_ENUM_CONVERSION = YES;
				CLANG_WARN_INFINITE_RECURSION = YES;
				CLANG_WARN_INT_CONVERSION = YES;
				CLANG_WARN_NON_LITERAL_NULL_CONVERSION = YES;
				CLANG_WARN_OBJC_IMPLICIT_RETAIN_SELF = YES;
				CLANG_WARN_OBJC_LITERAL_CONVERSION = YES;
				CLANG_WARN_OBJC_ROOT_CLASS = YES_ERROR;
				CLANG_WARN_QUOTED_INCLUDE_IN_FRAMEWORK_HEADER = YES;
				CLANG_WARN_RANGE_LOOP_ANALYSIS = YES;
				CLANG_WARN_STRICT_PROTOTYPES = YES;
				CLANG_WARN_SUSPICIOUS_MOVE = YES;
				CLANG_WARN_UNGUARDED_AVAILABILITY = YES_AGGRESSIVE;
				CLANG_WARN_UNREACHABLE_CODE = YES;
				CLANG_WARN__DUPLICATE_METHOD_MATCH = YES;
				COPY_PHASE_STRIP = NO;
				DEBUG_INFORMATION_FORMAT = dwarf;
				ENABLE_STRICT_OBJC_MSGSEND = YES;
				ENABLE_TESTABILITY = YES;
				ENABLE_USER_SCRIPT_SANDBOXING = YES;
				GCC_C_LANGUAGE_STANDARD = gnu17;
				GCC_DYNAMIC_NO_PIC = NO;
				GCC_NO_COMMON_BLOCKS = YES;
				GCC_OPTIMIZATION_LEVEL = 0;
				GCC_PREPROCESSOR_DEFINITIONS = (
					"DEBUG=1",
					"$(inherited)",
				);
				GCC_WARN_64_TO_32_BIT_CONVERSION = YES;
				GCC_WARN_ABOUT_RETURN_TYPE = YES_ERROR;
				GCC_WARN_UNDECLARED_SELECTOR = YES;
				GCC_WARN_UNINITIALIZED_AUTOS = YES_AGGRESSIVE;
				GCC_WARN_UNUSED_FUNCTION = YES;
				GCC_WARN_UNUSED_VARIABLE = YES;
				IPHONEOS_DEPLOYMENT_TARGET = 17.2;
				LOCALIZATION_PREFERS_STRING_CATALOGS = YES;
				MTL_ENABLE_DEBUG_INFO = INCLUDE_SOURCE;
				MTL_FAST_MATH = YES;
				ONLY_ACTIVE_ARCH = YES;
				SDKROOT = iphoneos;
				SWIFT_ACTIVE_COMPILATION_CONDITIONS = "DEBUG $(inherited)";
				SWIFT_OPTIMIZATION_LEVEL = "-Onone";
			};
			name = Debug;
		};
		D23F6CE72B7F81AD0065D15E /* Release */ = {
			isa = XCBuildConfiguration;
			buildSettings = {
				ALWAYS_SEARCH_USER_PATHS = NO;
				ASSETCATALOG_COMPILER_GENERATE_SWIFT_ASSET_SYMBOL_EXTENSIONS = YES;
				CLANG_ANALYZER_NONNULL = YES;
				CLANG_ANALYZER_NUMBER_OBJECT_CONVERSION = YES_AGGRESSIVE;
				CLANG_CXX_LANGUAGE_STANDARD = "gnu++20";
				CLANG_ENABLE_MODULES = YES;
				CLANG_ENABLE_OBJC_ARC = YES;
				CLANG_ENABLE_OBJC_WEAK = YES;
				CLANG_WARN_BLOCK_CAPTURE_AUTORELEASING = YES;
				CLANG_WARN_BOOL_CONVERSION = YES;
				CLANG_WARN_COMMA = YES;
				CLANG_WARN_CONSTANT_CONVERSION = YES;
				CLANG_WARN_DEPRECATED_OBJC_IMPLEMENTATIONS = YES;
				CLANG_WARN_DIRECT_OBJC_ISA_USAGE = YES_ERROR;
				CLANG_WARN_DOCUMENTATION_COMMENTS = YES;
				CLANG_WARN_EMPTY_BODY = YES;
				CLANG_WARN_ENUM_CONVERSION = YES;
				CLANG_WARN_INFINITE_RECURSION = YES;
				CLANG_WARN_INT_CONVERSION = YES;
				CLANG_WARN_NON_LITERAL_NULL_CONVERSION = YES;
				CLANG_WARN_OBJC_IMPLICIT_RETAIN_SELF = YES;
				CLANG_WARN_OBJC_LITERAL_CONVERSION = YES;
				CLANG_WARN_OBJC_ROOT_CLASS = YES_ERROR;
				CLANG_WARN_QUOTED_INCLUDE_IN_FRAMEWORK_HEADER = YES;
				CLANG_WARN_RANGE_LOOP_ANALYSIS = YES;
				CLANG_WARN_STRICT_PROTOTYPES = YES;
				CLANG_WARN_SUSPICIOUS_MOVE = YES;
				CLANG_WARN_UNGUARDED_AVAILABILITY = YES_AGGRESSIVE;
				CLANG_WARN_UNREACHABLE_CODE = YES;
				CLANG_WARN__DUPLICATE_METHOD_MATCH = YES;
				COPY_PHASE_STRIP = NO;
				DEBUG_INFORMATION_FORMAT = "dwarf-with-dsym";
				ENABLE_NS_ASSERTIONS = NO;
				ENABLE_STRICT_OBJC_MSGSEND = YES;
				ENABLE_USER_SCRIPT_SANDBOXING = YES;
				GCC_C_LANGUAGE_STANDARD = gnu17;
				GCC_NO_COMMON_BLOCKS = YES;
				GCC_WARN_64_TO_32_BIT_CONVERSION = YES;
				GCC_WARN_ABOUT_RETURN_TYPE = YES_ERROR;
				GCC_WARN_UNDECLARED_SELECTOR = YES;
				GCC_WARN_UNINITIALIZED_AUTOS = YES_AGGRESSIVE;
				GCC_WARN_UNUSED_FUNCTION = YES;
				GCC_WARN_UNUSED_VARIABLE = YES;
				IPHONEOS_DEPLOYMENT_TARGET = 17.2;
				LOCALIZATION_PREFERS_STRING_CATALOGS = YES;
				MTL_ENABLE_DEBUG_INFO = NO;
				MTL_FAST_MATH = YES;
				SDKROOT = iphoneos;
				SWIFT_COMPILATION_MODE = wholemodule;
				VALIDATE_PRODUCT = YES;
			};
			name = Release;
		};
		D23F6CE92B7F81AD0065D15E /* Debug */ = {
			isa = XCBuildConfiguration;
			buildSettings = {
				ASSETCATALOG_COMPILER_APPICON_NAME = AppIcon;
				ASSETCATALOG_COMPILER_GLOBAL_ACCENT_COLOR_NAME = AccentColor;
				CODE_SIGN_STYLE = Automatic;
				CURRENT_PROJECT_VERSION = 1;
				DEVELOPMENT_ASSET_PATHS = "\"Glance/Preview Content\"";
				DEVELOPMENT_TEAM = RJ336TYDK6;
				ENABLE_PREVIEWS = YES;
				GENERATE_INFOPLIST_FILE = YES;
				INFOPLIST_KEY_UIApplicationSceneManifest_Generation = YES;
				INFOPLIST_KEY_UIApplicationSupportsIndirectInputEvents = YES;
				INFOPLIST_KEY_UILaunchScreen_Generation = YES;
				INFOPLIST_KEY_UISupportedInterfaceOrientations_iPad = "UIInterfaceOrientationPortrait UIInterfaceOrientationPortraitUpsideDown UIInterfaceOrientationLandscapeLeft UIInterfaceOrientationLandscapeRight";
				INFOPLIST_KEY_UISupportedInterfaceOrientations_iPhone = "UIInterfaceOrientationPortrait UIInterfaceOrientationLandscapeLeft UIInterfaceOrientationLandscapeRight";
				LD_RUNPATH_SEARCH_PATHS = (
					"$(inherited)",
					"@executable_path/Frameworks",
				);
				MARKETING_VERSION = 1.0;
				PRODUCT_BUNDLE_IDENTIFIER = "dumbass-inc..Glance";
				PRODUCT_NAME = "$(TARGET_NAME)";
				SWIFT_EMIT_LOC_STRINGS = YES;
				SWIFT_VERSION = 5.0;
				TARGETED_DEVICE_FAMILY = "1,2";
			};
			name = Debug;
		};
		D23F6CEA2B7F81AD0065D15E /* Release */ = {
			isa = XCBuildConfiguration;
			buildSettings = {
				ASSETCATALOG_COMPILER_APPICON_NAME = AppIcon;
				ASSETCATALOG_COMPILER_GLOBAL_ACCENT_COLOR_NAME = AccentColor;
				CODE_SIGN_STYLE = Automatic;
				CURRENT_PROJECT_VERSION = 1;
				DEVELOPMENT_ASSET_PATHS = "\"Glance/Preview Content\"";
				DEVELOPMENT_TEAM = RJ336TYDK6;
				ENABLE_PREVIEWS = YES;
				GENERATE_INFOPLIST_FILE = YES;
				INFOPLIST_KEY_UIApplicationSceneManifest_Generation = YES;
				INFOPLIST_KEY_UIApplicationSupportsIndirectInputEvents = YES;
				INFOPLIST_KEY_UILaunchScreen_Generation = YES;
				INFOPLIST_KEY_UISupportedInterfaceOrientations_iPad = "UIInterfaceOrientationPortrait UIInterfaceOrientationPortraitUpsideDown UIInterfaceOrientationLandscapeLeft UIInterfaceOrientationLandscapeRight";
				INFOPLIST_KEY_UISupportedInterfaceOrientations_iPhone = "UIInterfaceOrientationPortrait UIInterfaceOrientationLandscapeLeft UIInterfaceOrientationLandscapeRight";
				LD_RUNPATH_SEARCH_PATHS = (
					"$(inherited)",
					"@executable_path/Frameworks",
				);
				MARKETING_VERSION = 1.0;
				PRODUCT_BUNDLE_IDENTIFIER = "dumbass-inc..Glance";
				PRODUCT_NAME = "$(TARGET_NAME)";
				SWIFT_EMIT_LOC_STRINGS = YES;
				SWIFT_VERSION = 5.0;
				TARGETED_DEVICE_FAMILY = "1,2";
			};
			name = Release;
		};
		D23F6CEC2B7F81AD0065D15E /* Debug */ = {
			isa = XCBuildConfiguration;
			buildSettings = {
				ALWAYS_EMBED_SWIFT_STANDARD_LIBRARIES = YES;
				BUNDLE_LOADER = "$(TEST_HOST)";
				CODE_SIGN_STYLE = Automatic;
				CURRENT_PROJECT_VERSION = 1;
				DEVELOPMENT_TEAM = RJ336TYDK6;
				GENERATE_INFOPLIST_FILE = YES;
				IPHONEOS_DEPLOYMENT_TARGET = 17.2;
				MARKETING_VERSION = 1.0;
				PRODUCT_BUNDLE_IDENTIFIER = "dumbass-inc..GlanceTests";
				PRODUCT_NAME = "$(TARGET_NAME)";
				SWIFT_EMIT_LOC_STRINGS = NO;
				SWIFT_VERSION = 5.0;
				TARGETED_DEVICE_FAMILY = "1,2";
				TEST_HOST = "$(BUILT_PRODUCTS_DIR)/Glance.app/$(BUNDLE_EXECUTABLE_FOLDER_PATH)/Glance";
			};
			name = Debug;
		};
		D23F6CED2B7F81AD0065D15E /* Release */ = {
			isa = XCBuildConfiguration;
			buildSettings = {
				ALWAYS_EMBED_SWIFT_STANDARD_LIBRARIES = YES;
				BUNDLE_LOADER = "$(TEST_HOST)";
				CODE_SIGN_STYLE = Automatic;
				CURRENT_PROJECT_VERSION = 1;
				DEVELOPMENT_TEAM = RJ336TYDK6;
				GENERATE_INFOPLIST_FILE = YES;
				IPHONEOS_DEPLOYMENT_TARGET = 17.2;
				MARKETING_VERSION = 1.0;
				PRODUCT_BUNDLE_IDENTIFIER = "dumbass-inc..GlanceTests";
				PRODUCT_NAME = "$(TARGET_NAME)";
				SWIFT_EMIT_LOC_STRINGS = NO;
				SWIFT_VERSION = 5.0;
				TARGETED_DEVICE_FAMILY = "1,2";
				TEST_HOST = "$(BUILT_PRODUCTS_DIR)/Glance.app/$(BUNDLE_EXECUTABLE_FOLDER_PATH)/Glance";
			};
			name = Release;
		};
		D23F6CEF2B7F81AD0065D15E /* Debug */ = {
			isa = XCBuildConfiguration;
			buildSettings = {
				ALWAYS_EMBED_SWIFT_STANDARD_LIBRARIES = YES;
				CODE_SIGN_STYLE = Automatic;
				CURRENT_PROJECT_VERSION = 1;
				DEVELOPMENT_TEAM = RJ336TYDK6;
				GENERATE_INFOPLIST_FILE = YES;
				MARKETING_VERSION = 1.0;
				PRODUCT_BUNDLE_IDENTIFIER = "dumbass-inc..GlanceUITests";
				PRODUCT_NAME = "$(TARGET_NAME)";
				SWIFT_EMIT_LOC_STRINGS = NO;
				SWIFT_VERSION = 5.0;
				TARGETED_DEVICE_FAMILY = "1,2";
				TEST_TARGET_NAME = Glance;
			};
			name = Debug;
		};
		D23F6CF02B7F81AD0065D15E /* Release */ = {
			isa = XCBuildConfiguration;
			buildSettings = {
				ALWAYS_EMBED_SWIFT_STANDARD_LIBRARIES = YES;
				CODE_SIGN_STYLE = Automatic;
				CURRENT_PROJECT_VERSION = 1;
				DEVELOPMENT_TEAM = RJ336TYDK6;
				GENERATE_INFOPLIST_FILE = YES;
				MARKETING_VERSION = 1.0;
				PRODUCT_BUNDLE_IDENTIFIER = "dumbass-inc..GlanceUITests";
				PRODUCT_NAME = "$(TARGET_NAME)";
				SWIFT_EMIT_LOC_STRINGS = NO;
				SWIFT_VERSION = 5.0;
				TARGETED_DEVICE_FAMILY = "1,2";
				TEST_TARGET_NAME = Glance;
			};
			name = Release;
		};
/* End XCBuildConfiguration section */

/* Begin XCConfigurationList section */
		D23F6CBF2B7F81AC0065D15E /* Build configuration list for PBXProject "Glance" */ = {
			isa = XCConfigurationList;
			buildConfigurations = (
				D23F6CE62B7F81AD0065D15E /* Debug */,
				D23F6CE72B7F81AD0065D15E /* Release */,
			);
			defaultConfigurationIsVisible = 0;
			defaultConfigurationName = Release;
		};
		D23F6CE82B7F81AD0065D15E /* Build configuration list for PBXNativeTarget "Glance" */ = {
			isa = XCConfigurationList;
			buildConfigurations = (
				D23F6CE92B7F81AD0065D15E /* Debug */,
				D23F6CEA2B7F81AD0065D15E /* Release */,
			);
			defaultConfigurationIsVisible = 0;
			defaultConfigurationName = Release;
		};
		D23F6CEB2B7F81AD0065D15E /* Build configuration list for PBXNativeTarget "GlanceTests" */ = {
			isa = XCConfigurationList;
			buildConfigurations = (
				D23F6CEC2B7F81AD0065D15E /* Debug */,
				D23F6CED2B7F81AD0065D15E /* Release */,
			);
			defaultConfigurationIsVisible = 0;
			defaultConfigurationName = Release;
		};
		D23F6CEE2B7F81AD0065D15E /* Build configuration list for PBXNativeTarget "GlanceUITests" */ = {
			isa = XCConfigurationList;
			buildConfigurations = (
				D23F6CEF2B7F81AD0065D15E /* Debug */,
				D23F6CF02B7F81AD0065D15E /* Release */,
			);
			defaultConfigurationIsVisible = 0;
			defaultConfigurationName = Release;
		};
/* End XCConfigurationList section */
	};
	rootObject = D23F6CBC2B7F81AC0065D15E /* Project object */;
}
